
Microsoft Visual Studio Solution File, Format Version 12.00
# Visual Studio Version 17
VisualStudioVersion = 17.4.33403.182
MinimumVisualStudioVersion = 10.0.40219.1
Project("{FAE04EC0-301F-11D3-BF4B-00C04F79EFBC}") = "ConsoleApp1", "ConsoleApp1.csproj", "{8DF69B3D-3B25-4D05-B354-B92F711D7004}"
EndProject
Global
	GlobalSection(SolutionConfigurationPlatforms) = preSolution
		Debug|Any CPU = Debug|Any CPU
		Release|Any CPU = Release|Any CPU
	EndGlobalSection
	GlobalSection(ProjectConfigurationPlatforms) = postSolution
		{8DF69B3D-3B25-4D05-B354-B92F711D7004}.Debug|Any CPU.ActiveCfg = Debug|Any CPU
		{8DF69B3D-3B25-4D05-B354-B92F711D7004}.Debug|Any CPU.Build.0 = Debug|Any CPU
		{8DF69B3D-3B25-4D05-B354-B92F711D7004}.Release|Any CPU.ActiveCfg = Release|Any CPU
		{8DF69B3D-3B25-4D05-B354-B92F711D7004}.Release|Any CPU.Build.0 = Release|Any CPU
	EndGlobalSection
	GlobalSection(SolutionProperties) = preSolution
		HideSolutionNode = FALSE
	EndGlobalSection
	GlobalSection(ExtensibilityGlobals) = postSolution
		SolutionGuid = {0ED5E339-38F7-4869-8312-CC10DA597F02}
	EndGlobalSection
EndGlobal
